
Microsoft Visual Studio Solution File, Format Version 12.00
# Visual Studio 2013
VisualStudioVersion = 12.0.30723.0
MinimumVisualStudioVersion = 10.0.40219.1
Project("{FAE04EC0-301F-11D3-BF4B-00C04F79EFBC}") = "ScriptPad", "ScriptPad\ScriptPad.csproj", "{E3CD7762-7E0A-4959-9D0D-9F51791E159F}"
EndProject
Project("{FAE04EC0-301F-11D3-BF4B-00C04F79EFBC}") = "StreamProcessor", "StreamProcessor\StreamProcessor.csproj", "{2FE839DC-3263-4C40-A082-E37651A96E42}"
EndProject
Project("{FAE04EC0-301F-11D3-BF4B-00C04F79EFBC}") = "TemplateLoader", "TemplateLoader\TemplateLoader.csproj", "{97030A78-901C-48DC-9D06-D02A335C1727}"
EndProject
Project("{FAE04EC0-301F-11D3-BF4B-00C04F79EFBC}") = "SimulationLib", "..\..\UrnSimulation\SimulationLib\SimulationLib.csproj", "{20D7B14B-4FD0-4C38-A880-CF6BDBF07028}"
EndProject
Project("{FAE04EC0-301F-11D3-BF4B-00C04F79EFBC}") = "LogAnalyzer.Lib", "..\..\..\..\..\..\Dev\trunk\ThreeByte.Logging\LogAnalyzer\LogAnalyzer.Lib\LogAnalyzer.Lib.csproj", "{5EF3F394-ED4F-4647-A7D2-907142192929}"
EndProject
Project("{2150E333-8FDC-42A3-9474-1A3956D46DE8}") = ".nuget", ".nuget", "{247BA695-5138-4758-ABFF-0E66E2AEE6DB}"
	ProjectSection(SolutionItems) = preProject
		.nuget\NuGet.Config = .nuget\NuGet.Config
		.nuget\NuGet.exe = .nuget\NuGet.exe
		.nuget\NuGet.targets = .nuget\NuGet.targets
	EndProjectSection
EndProject
Global
	GlobalSection(SolutionConfigurationPlatforms) = preSolution
		Debug|Any CPU = Debug|Any CPU
		Release|Any CPU = Release|Any CPU
	EndGlobalSection
	GlobalSection(ProjectConfigurationPlatforms) = postSolution
		{E3CD7762-7E0A-4959-9D0D-9F51791E159F}.Debug|Any CPU.ActiveCfg = Debug|Any CPU
		{E3CD7762-7E0A-4959-9D0D-9F51791E159F}.Debug|Any CPU.Build.0 = Debug|Any CPU
		{E3CD7762-7E0A-4959-9D0D-9F51791E159F}.Release|Any CPU.ActiveCfg = Release|Any CPU
		{E3CD7762-7E0A-4959-9D0D-9F51791E159F}.Release|Any CPU.Build.0 = Release|Any CPU
		{2FE839DC-3263-4C40-A082-E37651A96E42}.Debug|Any CPU.ActiveCfg = Debug|Any CPU
		{2FE839DC-3263-4C40-A082-E37651A96E42}.Debug|Any CPU.Build.0 = Debug|Any CPU
		{2FE839DC-3263-4C40-A082-E37651A96E42}.Release|Any CPU.ActiveCfg = Release|Any CPU
		{2FE839DC-3263-4C40-A082-E37651A96E42}.Release|Any CPU.Build.0 = Release|Any CPU
		{97030A78-901C-48DC-9D06-D02A335C1727}.Debug|Any CPU.ActiveCfg = Debug|Any CPU
		{97030A78-901C-48DC-9D06-D02A335C1727}.Debug|Any CPU.Build.0 = Debug|Any CPU
		{97030A78-901C-48DC-9D06-D02A335C1727}.Release|Any CPU.ActiveCfg = Release|Any CPU
		{97030A78-901C-48DC-9D06-D02A335C1727}.Release|Any CPU.Build.0 = Release|Any CPU
		{20D7B14B-4FD0-4C38-A880-CF6BDBF07028}.Debug|Any CPU.ActiveCfg = Debug|Any CPU
		{20D7B14B-4FD0-4C38-A880-CF6BDBF07028}.Debug|Any CPU.Build.0 = Debug|Any CPU
		{20D7B14B-4FD0-4C38-A880-CF6BDBF07028}.Release|Any CPU.ActiveCfg = Release|Any CPU
		{20D7B14B-4FD0-4C38-A880-CF6BDBF07028}.Release|Any CPU.Build.0 = Release|Any CPU
		{5EF3F394-ED4F-4647-A7D2-907142192929}.Debug|Any CPU.ActiveCfg = Debug|Any CPU
		{5EF3F394-ED4F-4647-A7D2-907142192929}.Debug|Any CPU.Build.0 = Debug|Any CPU
		{5EF3F394-ED4F-4647-A7D2-907142192929}.Release|Any CPU.ActiveCfg = Release|Any CPU
		{5EF3F394-ED4F-4647-A7D2-907142192929}.Release|Any CPU.Build.0 = Release|Any CPU
	EndGlobalSection
	GlobalSection(SolutionProperties) = preSolution
		HideSolutionNode = FALSE
	EndGlobalSection
EndGlobal
